{
  "requires": true,
  "lockfileVersion": 1,
  "dependencies": {
    "@types/frida-gum": {
      "version": "18.4.3",
      "resolved": "https://registry.npmjs.org/@types/frida-gum/-/frida-gum-18.4.3.tgz",
      "integrity": "sha512-LR7ZFlKfpy4vyMfLvrtkYuHyP1tfjuGoszni94BUwb8I6VzpwnUBCB00c/2qjAXA7faYpiL20QOk/BAg5p0c2Q=="
    }
  }
}
